// !$*UTF8*$!
{
	archiveVersion = 1;
	classes = {
	};
	objectVersion = 50;
	objects = {

/* Begin PBXBuildFile section */
		35C53245231859E7008B6A4D /* AppDelegate.swift in Sources */ = {isa = PBXBuildFile; fileRef = 35C53244231859E7008B6A4D /* AppDelegate.swift */; };
		35C53247231859E7008B6A4D /* ViewController.swift in Sources */ = {isa = PBXBuildFile; fileRef = 35C53246231859E7008B6A4D /* ViewController.swift */; };
		35C5324A231859E7008B6A4D /* Main.storyboard in Resources */ = {isa = PBXBuildFile; fileRef = 35C53248231859E7008B6A4D /* Main.storyboard */; };
		35C5324C231859E9008B6A4D /* Assets.xcassets in Resources */ = {isa = PBXBuildFile; fileRef = 35C5324B231859E9008B6A4D /* Assets.xcassets */; };
		35C5324F231859E9008B6A4D /* LaunchScreen.storyboard in Resources */ = {isa = PBXBuildFile; fileRef = 35C5324D231859E9008B6A4D /* LaunchScreen.storyboard */; };
		35C5325723195D72008B6A4D /* AboutViewController.swift in Sources */ = {isa = PBXBuildFile; fileRef = 35C5325623195D72008B6A4D /* AboutViewController.swift */; };
		35C53259231995DC008B6A4D /* BullsEye.html in Resources */ = {isa = PBXBuildFile; fileRef = 35C53258231995DC008B6A4D /* BullsEye.html */; };
		35C5325C2319988D008B6A4D /* WebKit.framework in Frameworks */ = {isa = PBXBuildFile; fileRef = 35C5325B2319988D008B6A4D /* WebKit.framework */; };
/* End PBXBuildFile section */

/* Begin PBXFileReference section */
		35C53241231859E7008B6A4D /* hit-me-app.app */ = {isa = PBXFileReference; explicitFileType = wrapper.application; includeInIndex = 0; path = "hit-me-app.app"; sourceTree = BUILT_PRODUCTS_DIR; };
		35C53244231859E7008B6A4D /* AppDelegate.swift */ = {isa = PBXFileReference; lastKnownFileType = sourcecode.swift; path = AppDelegate.swift; sourceTree = "<group>"; };
		35C53246231859E7008B6A4D /* ViewController.swift */ = {isa = PBXFileReference; lastKnownFileType = sourcecode.swift; path = ViewController.swift; sourceTree = "<group>"; };
		35C53249231859E7008B6A4D /* Base */ = {isa = PBXFileReference; lastKnownFileType = file.storyboard; name = Base; path = Base.lproj/Main.storyboard; sourceTree = "<group>"; };
		35C5324B231859E9008B6A4D /* Assets.xcassets */ = {isa = PBXFileReference; lastKnownFileType = folder.assetcatalog; path = Assets.xcassets; sourceTree = "<group>"; };
		35C5324E231859E9008B6A4D /* Base */ = {isa = PBXFileReference; lastKnownFileType = file.storyboard; name = Base; path = Base.lproj/LaunchScreen.storyboard; sourceTree = "<group>"; };
		35C53250231859E9008B6A4D /* Info.plist */ = {isa = PBXFileReference; lastKnownFileType = text.plist.xml; path = Info.plist; sourceTree = "<group>"; };
		35C5325623195D72008B6A4D /* AboutViewController.swift */ = {isa = PBXFileReference; lastKnownFileType = sourcecode.swift; path = AboutViewController.swift; sourceTree = "<group>"; };
		35C53258231995DC008B6A4D /* BullsEye.html */ = {isa = PBXFileReference; fileEncoding = 4; lastKnownFileType = text.html; path = BullsEye.html; sourceTree = "<group>"; };
		35C5325B2319988D008B6A4D /* WebKit.framework */ = {isa = PBXFileReference; lastKnownFileType = wrapper.framework; name = WebKit.framework; path = System/Library/Frameworks/WebKit.framework; sourceTree = SDKROOT; };
/* End PBXFileReference section */

/* Begin PBXFrameworksBuildPhase section */
		35C5323E231859E7008B6A4D /* Frameworks */ = {
			isa = PBXFrameworksBuildPhase;
			buildActionMask = 2147483647;
			files = (
				35C5325C2319988D008B6A4D /* WebKit.framework in Frameworks */,
			);
			runOnlyForDeploymentPostprocessing = 0;
		};
/* End PBXFrameworksBuildPhase section */

/* Begin PBXGroup section */
		35C53238231859E7008B6A4D = {
			isa = PBXGroup;
			children = (
				35C53243231859E7008B6A4D /* hit-me-app */,
				35C53242231859E7008B6A4D /* Products */,
				35C5325A2319988C008B6A4D /* Frameworks */,
			);
			sourceTree = "<group>";
		};
		35C53242231859E7008B6A4D /* Products */ = {
			isa = PBXGroup;
			children = (
				35C53241231859E7008B6A4D /* hit-me-app.app */,
			);
			name = Products;
			sourceTree = "<group>";
		};
		35C53243231859E7008B6A4D /* hit-me-app */ = {
			isa = PBXGroup;
			children = (
				35C53244231859E7008B6A4D /* AppDelegate.swift */,
				35C53246231859E7008B6A4D /* ViewController.swift */,
				35C53248231859E7008B6A4D /* Main.storyboard */,
				35C5324B231859E9008B6A4D /* Assets.xcassets */,
				35C5324D231859E9008B6A4D /* LaunchScreen.storyboard */,
				35C53250231859E9008B6A4D /* Info.plist */,
				35C5325623195D72008B6A4D /* AboutViewController.swift */,
				35C53258231995DC008B6A4D /* BullsEye.html */,
			);
			path = "hit-me-app";
			sourceTree = "<group>";
		};
		35C5325A2319988C008B6A4D /* Frameworks */ = {
			isa = PBXGroup;
			children = (
				35C5325B2319988D008B6A4D /* WebKit.framework */,
			);
			name = Frameworks;
			sourceTree = "<group>";
		};
/* End PBXGroup section */

/* Begin PBXNativeTarget section */
		35C53240231859E7008B6A4D /* hit-me-app */ = {
			isa = PBXNativeTarget;
			buildConfigurationList = 35C53253231859E9008B6A4D /* Build configuration list for PBXNativeTarget "hit-me-app" */;
			buildPhases = (
				35C5323D231859E7008B6A4D /* Sources */,
				35C5323E231859E7008B6A4D /* Frameworks */,
				35C5323F231859E7008B6A4D /* Resources */,
			);
			buildRules = (
			);
			dependencies = (
			);
			name = "hit-me-app";
			productName = "hit-me-app";
			productReference = 35C53241231859E7008B6A4D /* hit-me-app.app */;
			productType = "com.apple.product-type.application";
		};
/* End PBXNativeTarget section */

/* Begin PBXProject section */
		35C53239231859E7008B6A4D /* Project object */ = {
			isa = PBXProject;
			attributes = {
				LastSwiftUpdateCheck = 1020;
				LastUpgradeCheck = 1020;
				ORGANIZATIONNAME = "Shreya Randive";
				TargetAttributes = {
					35C53240231859E7008B6A4D = {
						CreatedOnToolsVersion = 10.2.1;
					};
				};
			};
			buildConfigurationList = 35C5323C231859E7008B6A4D /* Build configuration list for PBXProject "hit-me-app" */;
			compatibilityVersion = "Xcode 9.3";
			developmentRegion = en;
			hasScannedForEncodings = 0;
			knownRegions = (
				en,
				Base,
			);
			mainGroup = 35C53238231859E7008B6A4D;
			productRefGroup = 35C53242231859E7008B6A4D /* Products */;
			projectDirPath = "";
			projectRoot = "";
			targets = (
				35C53240231859E7008B6A4D /* hit-me-app */,
			);
		};
/* End PBXProject section */

/* Begin PBXResourcesBuildPhase section */
		35C5323F231859E7008B6A4D /* Resources */ = {
			isa = PBXResourcesBuildPhase;
			buildActionMask = 2147483647;
			files = (
				35C5324F231859E9008B6A4D /* LaunchScreen.storyboard in Resources */,
				35C53259231995DC008B6A4D /* BullsEye.html in Resources */,
				35C5324C231859E9008B6A4D /* Assets.xcassets in Resources */,
				35C5324A231859E7008B6A4D /* Main.storyboard in Resources */,
			);
			runOnlyForDeploymentPostprocessing = 0;
		};
/* End PBXResourcesBuildPhase section */

/* Begin PBXSourcesBuildPhase section */
		35C5323D231859E7008B6A4D /* Sources */ = {
			isa = PBXSourcesBuildPhase;
			buildActionMask = 2147483647;
			files = (
				35C5325723195D72008B6A4D /* AboutViewController.swift in Sources */,
				35C53247231859E7008B6A4D /* ViewController.swift in Sources */,
				35C53245231859E7008B6A4D /* AppDelegate.swift in Sources */,
			);
			runOnlyForDeploymentPostprocessing = 0;
		};
/* End PBXSourcesBuildPhase section */

/* Begin PBXVariantGroup section */
		35C53248231859E7008B6A4D /* Main.storyboard */ = {
			isa = PBXVariantGroup;
			children = (
				35C53249231859E7008B6A4D /* Base */,
			);
			name = Main.storyboard;
			sourceTree = "<group>";
		};
		35C5324D231859E9008B6A4D /* LaunchScreen.storyboard */ = {
			isa = PBXVariantGroup;
			children = (
				35C5324E231859E9008B6A4D /* Base */,
			);
			name = LaunchScreen.storyboard;
			sourceTree = "<group>";
		};
/* End PBXVariantGroup section */

/* Begin XCBuildConfiguration section */
		35C53251231859E9008B6A4D /* Debug */ = {
			isa = XCBuildConfiguration;
			buildSettings = {
				ALWAYS_SEARCH_USER_PATHS = NO;
				CLANG_ANALYZER_NONNULL = YES;
				CLANG_ANALYZER_NUMBER_OBJECT_CONVERSION = YES_AGGRESSIVE;
				CLANG_CXX_LANGUAGE_STANDARD = "gnu++14";
				CLANG_CXX_LIBRARY = "libc++";
				CLANG_ENABLE_MODULES = YES;
				CLANG_ENABLE_OBJC_ARC = YES;
				CLANG_ENABLE_OBJC_WEAK = YES;
				CLANG_WARN_BLOCK_CAPTURE_AUTORELEASING = YES;
				CLANG_WARN_BOOL_CONVERSION = YES;
				CLANG_WARN_COMMA = YES;
				CLANG_WARN_CONSTANT_CONVERSION = YES;
				CLANG_WARN_DEPRECATED_OBJC_IMPLEMENTATIONS = YES;
				CLANG_WARN_DIRECT_OBJC_ISA_USAGE = YES_ERROR;
				CLANG_WARN_DOCUMENTATION_COMMENTS = YES;
				CLANG_WARN_EMPTY_BODY = YES;
				CLANG_WARN_ENUM_CONVERSION = YES;
				CLANG_WARN_INFINITE_RECURSION = YES;
				CLANG_WARN_INT_CONVERSION = YES;
				CLANG_WARN_NON_LITERAL_NULL_CONVERSION = YES;
				CLANG_WARN_OBJC_IMPLICIT_RETAIN_SELF = YES;
				CLANG_WARN_OBJC_LITERAL_CONVERSION = YES;
				CLANG_WARN_OBJC_ROOT_CLASS = YES_ERROR;
				CLANG_WARN_RANGE_LOOP_ANALYSIS = YES;
				CLANG_WARN_STRICT_PROTOTYPES = YES;
				CLANG_WARN_SUSPICIOUS_MOVE = YES;
				CLANG_WARN_UNGUARDED_AVAILABILITY = YES_AGGRESSIVE;
				CLANG_WARN_UNREACHABLE_CODE = YES;
				CLANG_WARN__DUPLICATE_METHOD_MATCH = YES;
				CODE_SIGN_IDENTITY = "iPhone Developer";
				COPY_PHASE_STRIP = NO;
				DEBUG_INFORMATION_FORMAT = dwarf;
				ENABLE_STRICT_OBJC_MSGSEND = YES;
				ENABLE_TESTABILITY = YES;
				GCC_C_LANGUAGE_STANDARD = gnu11;
				GCC_DYNAMIC_NO_PIC = NO;
				GCC_NO_COMMON_BLOCKS = YES;
				GCC_OPTIMIZATION_LEVEL = 0;
				GCC_PREPROCESSOR_DEFINITIONS = (
					"DEBUG=1",
					"$(inherited)",
				);
				GCC_WARN_64_TO_32_BIT_CONVERSION = YES;
				GCC_WARN_ABOUT_RETURN_TYPE = YES_ERROR;
				GCC_WARN_UNDECLARED_SELECTOR = YES;
				GCC_WARN_UNINITIALIZED_AUTOS = YES_AGGRESSIVE;
				GCC_WARN_UNUSED_FUNCTION = YES;
				GCC_WARN_UNUSED_VARIABLE = YES;
				IPHONEOS_DEPLOYMENT_TARGET = 12.2;
				MTL_ENABLE_DEBUG_INFO = INCLUDE_SOURCE;
				MTL_FAST_MATH = YES;
				ONLY_ACTIVE_ARCH = YES;
				SDKROOT = iphoneos;
				SWIFT_ACTIVE_COMPILATION_CONDITIONS = DEBUG;
				SWIFT_OPTIMIZATION_LEVEL = "-Onone";
			};
			name = Debug;
		};
		35C53252231859E9008B6A4D /* Release */ = {
			isa = XCBuildConfiguration;
			buildSettings = {
				ALWAYS_SEARCH_USER_PATHS = NO;
				CLANG_ANALYZER_NONNULL = YES;
				CLANG_ANALYZER_NUMBER_OBJECT_CONVERSION = YES_AGGRESSIVE;
				CLANG_CXX_LANGUAGE_STANDARD = "gnu++14";
				CLANG_CXX_LIBRARY = "libc++";
				CLANG_ENABLE_MODULES = YES;
				CLANG_ENABLE_OBJC_ARC = YES;
				CLANG_ENABLE_OBJC_WEAK = YES;
				CLANG_WARN_BLOCK_CAPTURE_AUTORELEASING = YES;
				CLANG_WARN_BOOL_CONVERSION = YES;
				CLANG_WARN_COMMA = YES;
				CLANG_WARN_CONSTANT_CONVERSION = YES;
				CLANG_WARN_DEPRECATED_OBJC_IMPLEMENTATIONS = YES;
				CLANG_WARN_DIRECT_OBJC_ISA_USAGE = YES_ERROR;
				CLANG_WARN_DOCUMENTATION_COMMENTS = YES;
				CLANG_WARN_EMPTY_BODY = YES;
				CLANG_WARN_ENUM_CONVERSION = YES;
				CLANG_WARN_INFINITE_RECURSION = YES;
				CLANG_WARN_INT_CONVERSION = YES;
				CLANG_WARN_NON_LITERAL_NULL_CONVERSION = YES;
				CLANG_WARN_OBJC_IMPLICIT_RETAIN_SELF = YES;
				CLANG_WARN_OBJC_LITERAL_CONVERSION = YES;
				CLANG_WARN_OBJC_ROOT_CLASS = YES_ERROR;
				CLANG_WARN_RANGE_LOOP_ANALYSIS = YES;
				CLANG_WARN_STRICT_PROTOTYPES = YES;
				CLANG_WARN_SUSPICIOUS_MOVE = YES;
				CLANG_WARN_UNGUARDED_AVAILABILITY = YES_AGGRESSIVE;
				CLANG_WARN_UNREACHABLE_CODE = YES;
				CLANG_WARN__DUPLICATE_METHOD_MATCH = YES;
				CODE_SIGN_IDENTITY = "iPhone Developer";
				COPY_PHASE_STRIP = NO;
				DEBUG_INFORMATION_FORMAT = "dwarf-with-dsym";
				ENABLE_NS_ASSERTIONS = NO;
				ENABLE_STRICT_OBJC_MSGSEND = YES;
				GCC_C_LANGUAGE_STANDARD = gnu11;
				GCC_NO_COMMON_BLOCKS = YES;
				GCC_WARN_64_TO_32_BIT_CONVERSION = YES;
				GCC_WARN_ABOUT_RETURN_TYPE = YES_ERROR;
				GCC_WARN_UNDECLARED_SELECTOR = YES;
				GCC_WARN_UNINITIALIZED_AUTOS = YES_AGGRESSIVE;
				GCC_WARN_UNUSED_FUNCTION = YES;
				GCC_WARN_UNUSED_VARIABLE = YES;
				IPHONEOS_DEPLOYMENT_TARGET = 12.2;
				MTL_ENABLE_DEBUG_INFO = NO;
				MTL_FAST_MATH = YES;
				SDKROOT = iphoneos;
				SWIFT_COMPILATION_MODE = wholemodule;
				SWIFT_OPTIMIZATION_LEVEL = "-O";
				VALIDATE_PRODUCT = YES;
			};
			name = Release;
		};
		35C53254231859E9008B6A4D /* Debug */ = {
			isa = XCBuildConfiguration;
			buildSettings = {
				ASSETCATALOG_COMPILER_APPICON_NAME = AppIcon;
				CODE_SIGN_STYLE = Automatic;
				DEVELOPMENT_TEAM = LPBH5JPMKU;
				INFOPLIST_FILE = "hit-me-app/Info.plist";
				LD_RUNPATH_SEARCH_PATHS = (
					"$(inherited)",
					"@executable_path/Frameworks",
				);
				PRODUCT_BUNDLE_IDENTIFIER = "com.shreyarandive.hit-me-app";
				PRODUCT_NAME = "$(TARGET_NAME)";
				SWIFT_VERSION = 5.0;
				TARGETED_DEVICE_FAMILY = "1,2";
			};
			name = Debug;
		};
		35C53255231859E9008B6A4D /* Release */ = {
			isa = XCBuildConfiguration;
			buildSettings = {
				ASSETCATALOG_COMPILER_APPICON_NAME = AppIcon;
				CODE_SIGN_STYLE = Automatic;
				DEVELOPMENT_TEAM = LPBH5JPMKU;
				INFOPLIST_FILE = "hit-me-app/Info.plist";
				LD_RUNPATH_SEARCH_PATHS = (
					"$(inherited)",
					"@executable_path/Frameworks",
				);
				PRODUCT_BUNDLE_IDENTIFIER = "com.shreyarandive.hit-me-app";
				PRODUCT_NAME = "$(TARGET_NAME)";
				SWIFT_VERSION = 5.0;
				TARGETED_DEVICE_FAMILY = "1,2";
			};
			name = Release;
		};
/* End XCBuildConfiguration section */

/* Begin XCConfigurationList section */
		35C5323C231859E7008B6A4D /* Build configuration list for PBXProject "hit-me-app" */ = {
			isa = XCConfigurationList;
			buildConfigurations = (
				35C53251231859E9008B6A4D /* Debug */,
				35C53252231859E9008B6A4D /* Release */,
			);
			defaultConfigurationIsVisible = 0;
			defaultConfigurationName = Release;
		};
		35C53253231859E9008B6A4D /* Build configuration list for PBXNativeTarget "hit-me-app" */ = {
			isa = XCConfigurationList;
			buildConfigurations = (
				35C53254231859E9008B6A4D /* Debug */,
				35C53255231859E9008B6A4D /* Release */,
			);
			defaultConfigurationIsVisible = 0;
			defaultConfigurationName = Release;
		};
/* End XCConfigurationList section */
	};
	rootObject = 35C53239231859E7008B6A4D /* Project object */;
}
